
Microsoft Visual Studio Solution File, Format Version 12.00

Project("{FAE04EC0-301F-11D3-BF4B-00C04F79EFBC}") = "Gateway.Web", "src\Adapters\Driving\Gateway.Web\Gateway.Web.csproj", "{B070D414-EBF5-4E6D-AF75-1E29B883A6A7}"
EndProject
Project("{FAE04EC0-301F-11D3-BF4B-00C04F79EFBC}") = "Common.Web", "src\Adapters\Driving\Common.Web\Common.Web.csproj", "{205C62C7-EB67-4EB4-A95C-8FCC8F03B8F0}"
EndProject
Project("{FAE04EC0-301F-11D3-BF4B-00C04F79EFBC}") = "Gateway.Web.Tests", "test\Adapters\Driving\Gateway.Web.Tests\Gateway.Web.Tests.csproj", "{6A7363FC-38A6-47A9-B6ED-01825A88F639}"
EndProject
Project("{FAE04EC0-301F-11D3-BF4B-00C04F79EFBC}") = "Project", "src\Application\Domain\Model\Project\Project.csproj", "{6FBCB47C-D8DA-4486-9646-79615B672A16}"
EndProject
Global
	GlobalSection(SolutionConfigurationPlatforms) = preSolution
		Debug|Any CPU = Debug|Any CPU
		Release|Any CPU = Release|Any CPU
	EndGlobalSection
	GlobalSection(ProjectConfigurationPlatforms) = postSolution
		{B070D414-EBF5-4E6D-AF75-1E29B883A6A7}.Debug|Any CPU.ActiveCfg = Debug|Any CPU
		{B070D414-EBF5-4E6D-AF75-1E29B883A6A7}.Debug|Any CPU.Build.0 = Debug|Any CPU
		{B070D414-EBF5-4E6D-AF75-1E29B883A6A7}.Release|Any CPU.ActiveCfg = Release|Any CPU
		{B070D414-EBF5-4E6D-AF75-1E29B883A6A7}.Release|Any CPU.Build.0 = Release|Any CPU
		{205C62C7-EB67-4EB4-A95C-8FCC8F03B8F0}.Debug|Any CPU.ActiveCfg = Debug|Any CPU
		{205C62C7-EB67-4EB4-A95C-8FCC8F03B8F0}.Debug|Any CPU.Build.0 = Debug|Any CPU
		{205C62C7-EB67-4EB4-A95C-8FCC8F03B8F0}.Release|Any CPU.ActiveCfg = Release|Any CPU
		{205C62C7-EB67-4EB4-A95C-8FCC8F03B8F0}.Release|Any CPU.Build.0 = Release|Any CPU
		{6A7363FC-38A6-47A9-B6ED-01825A88F639}.Debug|Any CPU.ActiveCfg = Debug|Any CPU
		{6A7363FC-38A6-47A9-B6ED-01825A88F639}.Debug|Any CPU.Build.0 = Debug|Any CPU
		{6A7363FC-38A6-47A9-B6ED-01825A88F639}.Release|Any CPU.ActiveCfg = Release|Any CPU
		{6A7363FC-38A6-47A9-B6ED-01825A88F639}.Release|Any CPU.Build.0 = Release|Any CPU
		{6FBCB47C-D8DA-4486-9646-79615B672A16}.Debug|Any CPU.ActiveCfg = Debug|Any CPU
		{6FBCB47C-D8DA-4486-9646-79615B672A16}.Debug|Any CPU.Build.0 = Debug|Any CPU
		{6FBCB47C-D8DA-4486-9646-79615B672A16}.Release|Any CPU.ActiveCfg = Release|Any CPU
		{6FBCB47C-D8DA-4486-9646-79615B672A16}.Release|Any CPU.Build.0 = Release|Any CPU
	EndGlobalSection
EndGlobal
