
Microsoft Visual Studio Solution File, Format Version 12.00
Project("{FAE04EC0-301F-11D3-BF4B-00C04F79EFBC}") = "DxWorks.ScriptBee.Plugin.HelperFunctions.Default", "HelperFunctions\DxWorks.ScriptBee.Plugin.HelperFunctions.Default\DxWorks.ScriptBee.Plugin.HelperFunctions.Default.csproj", "{2E8D70B7-769A-40AF-84AD-557E15464688}"
EndProject
Project("{FAE04EC0-301F-11D3-BF4B-00C04F79EFBC}") = "DxWorks.ScriptBee.Plugin.ScriptRunner.CSharp", "ScriptRunner\DxWorks.ScriptBee.Plugin.ScriptRunner.CSharp\DxWorks.ScriptBee.Plugin.ScriptRunner.CSharp.csproj", "{DD819150-B37E-4FAC-8F5C-97F15E925B8A}"
EndProject
Project("{FAE04EC0-301F-11D3-BF4B-00C04F79EFBC}") = "DxWorks.ScriptBee.Plugin.ScriptRunner.CSharp.Tests", "ScriptRunner\DxWorks.ScriptBee.Plugin.ScriptRunner.CSharp.Tests\DxWorks.ScriptBee.Plugin.ScriptRunner.CSharp.Tests.csproj", "{17833311-0A94-4A3E-B8D0-82455A61B5F5}"
EndProject
Project("{FAE04EC0-301F-11D3-BF4B-00C04F79EFBC}") = "DxWorks.ScriptBee.Plugin.ScriptRunner.Javascript", "ScriptRunner\DxWorks.ScriptBee.Plugin.ScriptRunner.Javascript\DxWorks.ScriptBee.Plugin.ScriptRunner.Javascript.csproj", "{5C5B89E8-727C-43E7-BFCC-D04E2A8E50BA}"
EndProject
Project("{FAE04EC0-301F-11D3-BF4B-00C04F79EFBC}") = "DxWorks.ScriptBee.Plugin.ScriptRunner.Python", "ScriptRunner\DxWorks.ScriptBee.Plugin.ScriptRunner.Python\DxWorks.ScriptBee.Plugin.ScriptRunner.Python.csproj", "{C4DBA0BF-F578-4EDC-85AF-1592004E3F2D}"
EndProject
Project("{FAE04EC0-301F-11D3-BF4B-00C04F79EFBC}") = "DxWorks.ScriptBee.Plugin.Api", "..\DxWorks.ScriptBee.Plugin.Api\DxWorks.ScriptBee.Plugin.Api.csproj", "{C3F5C587-B2DD-4D09-BA43-5EF7FFA49548}"
EndProject
Project("{FAE04EC0-301F-11D3-BF4B-00C04F79EFBC}") = "DxWorks.ScriptBee.Plugin.ScriptRunner.Javascript.Tests", "ScriptRunner\DxWorks.ScriptBee.Plugin.ScriptRunner.Javascript.Tests\DxWorks.ScriptBee.Plugin.ScriptRunner.Javascript.Tests.csproj", "{DC00D135-DF9C-4089-A998-0A128CC22549}"
EndProject
Project("{FAE04EC0-301F-11D3-BF4B-00C04F79EFBC}") = "DxWorks.ScriptBee.Plugin.ScriptRunner.Python.Tests", "ScriptRunner\DxWorks.ScriptBee.Plugin.ScriptRunner.Python.Tests\DxWorks.ScriptBee.Plugin.ScriptRunner.Python.Tests.csproj", "{97DBC61C-6280-4D68-B226-D8ED284FABD0}"
EndProject
Project("{FAE04EC0-301F-11D3-BF4B-00C04F79EFBC}") = "DxWorks.ScriptBee.Plugin.ScriptRunner.TestsCommon", "ScriptRunner\DxWorks.ScriptBee.Plugin.ScriptRunner.TestsCommon\DxWorks.ScriptBee.Plugin.ScriptRunner.TestsCommon.csproj", "{5CEBB83D-1429-4461-BB6B-062C037DA4FF}"
EndProject
Global
	GlobalSection(SolutionConfigurationPlatforms) = preSolution
		Debug|Any CPU = Debug|Any CPU
		Release|Any CPU = Release|Any CPU
	EndGlobalSection
	GlobalSection(ProjectConfigurationPlatforms) = postSolution
		{2E8D70B7-769A-40AF-84AD-557E15464688}.Debug|Any CPU.ActiveCfg = Debug|Any CPU
		{2E8D70B7-769A-40AF-84AD-557E15464688}.Debug|Any CPU.Build.0 = Debug|Any CPU
		{2E8D70B7-769A-40AF-84AD-557E15464688}.Release|Any CPU.ActiveCfg = Release|Any CPU
		{2E8D70B7-769A-40AF-84AD-557E15464688}.Release|Any CPU.Build.0 = Release|Any CPU
		{DD819150-B37E-4FAC-8F5C-97F15E925B8A}.Debug|Any CPU.ActiveCfg = Debug|Any CPU
		{DD819150-B37E-4FAC-8F5C-97F15E925B8A}.Debug|Any CPU.Build.0 = Debug|Any CPU
		{DD819150-B37E-4FAC-8F5C-97F15E925B8A}.Release|Any CPU.ActiveCfg = Release|Any CPU
		{DD819150-B37E-4FAC-8F5C-97F15E925B8A}.Release|Any CPU.Build.0 = Release|Any CPU
		{17833311-0A94-4A3E-B8D0-82455A61B5F5}.Debug|Any CPU.ActiveCfg = Debug|Any CPU
		{17833311-0A94-4A3E-B8D0-82455A61B5F5}.Debug|Any CPU.Build.0 = Debug|Any CPU
		{17833311-0A94-4A3E-B8D0-82455A61B5F5}.Release|Any CPU.ActiveCfg = Release|Any CPU
		{17833311-0A94-4A3E-B8D0-82455A61B5F5}.Release|Any CPU.Build.0 = Release|Any CPU
		{5C5B89E8-727C-43E7-BFCC-D04E2A8E50BA}.Debug|Any CPU.ActiveCfg = Debug|Any CPU
		{5C5B89E8-727C-43E7-BFCC-D04E2A8E50BA}.Debug|Any CPU.Build.0 = Debug|Any CPU
		{5C5B89E8-727C-43E7-BFCC-D04E2A8E50BA}.Release|Any CPU.ActiveCfg = Release|Any CPU
		{5C5B89E8-727C-43E7-BFCC-D04E2A8E50BA}.Release|Any CPU.Build.0 = Release|Any CPU
		{C4DBA0BF-F578-4EDC-85AF-1592004E3F2D}.Debug|Any CPU.ActiveCfg = Debug|Any CPU
		{C4DBA0BF-F578-4EDC-85AF-1592004E3F2D}.Debug|Any CPU.Build.0 = Debug|Any CPU
		{C4DBA0BF-F578-4EDC-85AF-1592004E3F2D}.Release|Any CPU.ActiveCfg = Release|Any CPU
		{C4DBA0BF-F578-4EDC-85AF-1592004E3F2D}.Release|Any CPU.Build.0 = Release|Any CPU
		{C3F5C587-B2DD-4D09-BA43-5EF7FFA49548}.Debug|Any CPU.ActiveCfg = Debug|Any CPU
		{C3F5C587-B2DD-4D09-BA43-5EF7FFA49548}.Debug|Any CPU.Build.0 = Debug|Any CPU
		{C3F5C587-B2DD-4D09-BA43-5EF7FFA49548}.Release|Any CPU.ActiveCfg = Release|Any CPU
		{C3F5C587-B2DD-4D09-BA43-5EF7FFA49548}.Release|Any CPU.Build.0 = Release|Any CPU
		{DC00D135-DF9C-4089-A998-0A128CC22549}.Debug|Any CPU.ActiveCfg = Debug|Any CPU
		{DC00D135-DF9C-4089-A998-0A128CC22549}.Debug|Any CPU.Build.0 = Debug|Any CPU
		{DC00D135-DF9C-4089-A998-0A128CC22549}.Release|Any CPU.ActiveCfg = Release|Any CPU
		{DC00D135-DF9C-4089-A998-0A128CC22549}.Release|Any CPU.Build.0 = Release|Any CPU
		{97DBC61C-6280-4D68-B226-D8ED284FABD0}.Debug|Any CPU.ActiveCfg = Debug|Any CPU
		{97DBC61C-6280-4D68-B226-D8ED284FABD0}.Debug|Any CPU.Build.0 = Debug|Any CPU
		{97DBC61C-6280-4D68-B226-D8ED284FABD0}.Release|Any CPU.ActiveCfg = Release|Any CPU
		{97DBC61C-6280-4D68-B226-D8ED284FABD0}.Release|Any CPU.Build.0 = Release|Any CPU
		{5CEBB83D-1429-4461-BB6B-062C037DA4FF}.Debug|Any CPU.ActiveCfg = Debug|Any CPU
		{5CEBB83D-1429-4461-BB6B-062C037DA4FF}.Debug|Any CPU.Build.0 = Debug|Any CPU
		{5CEBB83D-1429-4461-BB6B-062C037DA4FF}.Release|Any CPU.ActiveCfg = Release|Any CPU
		{5CEBB83D-1429-4461-BB6B-062C037DA4FF}.Release|Any CPU.Build.0 = Release|Any CPU
	EndGlobalSection
EndGlobal
